
Microsoft Visual Studio Solution File, Format Version 11.00
# Visual Studio 2010
Project("{F184B08F-C81C-45F6-A57F-5ABD9991F28F}") = "SetupDatabase", "SetupDatabase\SetupDatabase.vbproj", "{B9B87C9B-42BE-40B2-A820-5CDDB8F5225E}"
EndProject
Project("{F184B08F-C81C-45F6-A57F-5ABD9991F28F}") = "1.InsertData", "1.InsertData\1.InsertData.vbproj", "{E50DE64F-A155-4988-8438-21C9B7109928}"
EndProject
Project("{F184B08F-C81C-45F6-A57F-5ABD9991F28F}") = "2.UpdateData", "2.UpdateData\2.UpdateData.vbproj", "{B9D170F5-C867-4098-9656-50A865CB7C53}"
EndProject
Project("{F184B08F-C81C-45F6-A57F-5ABD9991F28F}") = "3.FindData", "3.FindData\3.FindData.vbproj", "{1CB4EE6A-0E4D-4DDD-9E99-1B9AE5B684C9}"
EndProject
Project("{F184B08F-C81C-45F6-A57F-5ABD9991F28F}") = "4.FindAllData", "4.FindAllData\4.FindAllData.vbproj", "{97994BB8-90B3-4733-8AE3-B427198875B4}"
EndProject
Project("{F184B08F-C81C-45F6-A57F-5ABD9991F28F}") = "5.JoinData", "5.JoinData\5.JoinData.vbproj", "{7AAFA348-D48C-4120-9BEC-872EACADA943}"
EndProject
Project("{F184B08F-C81C-45F6-A57F-5ABD9991F28F}") = "6.ShowSqlInline", "6.ShowSqlInline\6.ShowSqlInline.vbproj", "{F149908C-78D4-459F-84FD-1294813723B1}"
EndProject
Project("{F184B08F-C81C-45F6-A57F-5ABD9991F28F}") = "7.EagerLoading", "7.EagerLoading\7.EagerLoading.vbproj", "{B1E1BFCE-5EF4-4525-9FAC-468271087C1F}"
EndProject
Project("{F184B08F-C81C-45F6-A57F-5ABD9991F28F}") = "8.UsefulQueries", "UsefulQueries\8.UsefulQueries.vbproj", "{78D335B3-3274-4F9C-8B86-36EFA6CF04A7}"
EndProject
Global
	GlobalSection(SolutionConfigurationPlatforms) = preSolution
		Debug|x86 = Debug|x86
		Release|x86 = Release|x86
	EndGlobalSection
	GlobalSection(ProjectConfigurationPlatforms) = postSolution
		{B9B87C9B-42BE-40B2-A820-5CDDB8F5225E}.Debug|x86.ActiveCfg = Debug|x86
		{B9B87C9B-42BE-40B2-A820-5CDDB8F5225E}.Debug|x86.Build.0 = Debug|x86
		{B9B87C9B-42BE-40B2-A820-5CDDB8F5225E}.Release|x86.ActiveCfg = Release|x86
		{B9B87C9B-42BE-40B2-A820-5CDDB8F5225E}.Release|x86.Build.0 = Release|x86
		{E50DE64F-A155-4988-8438-21C9B7109928}.Debug|x86.ActiveCfg = Debug|x86
		{E50DE64F-A155-4988-8438-21C9B7109928}.Debug|x86.Build.0 = Debug|x86
		{E50DE64F-A155-4988-8438-21C9B7109928}.Release|x86.ActiveCfg = Release|x86
		{E50DE64F-A155-4988-8438-21C9B7109928}.Release|x86.Build.0 = Release|x86
		{B9D170F5-C867-4098-9656-50A865CB7C53}.Debug|x86.ActiveCfg = Debug|x86
		{B9D170F5-C867-4098-9656-50A865CB7C53}.Debug|x86.Build.0 = Debug|x86
		{B9D170F5-C867-4098-9656-50A865CB7C53}.Release|x86.ActiveCfg = Release|x86
		{B9D170F5-C867-4098-9656-50A865CB7C53}.Release|x86.Build.0 = Release|x86
		{1CB4EE6A-0E4D-4DDD-9E99-1B9AE5B684C9}.Debug|x86.ActiveCfg = Debug|x86
		{1CB4EE6A-0E4D-4DDD-9E99-1B9AE5B684C9}.Debug|x86.Build.0 = Debug|x86
		{1CB4EE6A-0E4D-4DDD-9E99-1B9AE5B684C9}.Release|x86.ActiveCfg = Release|x86
		{1CB4EE6A-0E4D-4DDD-9E99-1B9AE5B684C9}.Release|x86.Build.0 = Release|x86
		{97994BB8-90B3-4733-8AE3-B427198875B4}.Debug|x86.ActiveCfg = Debug|x86
		{97994BB8-90B3-4733-8AE3-B427198875B4}.Debug|x86.Build.0 = Debug|x86
		{97994BB8-90B3-4733-8AE3-B427198875B4}.Release|x86.ActiveCfg = Release|x86
		{97994BB8-90B3-4733-8AE3-B427198875B4}.Release|x86.Build.0 = Release|x86
		{7AAFA348-D48C-4120-9BEC-872EACADA943}.Debug|x86.ActiveCfg = Debug|x86
		{7AAFA348-D48C-4120-9BEC-872EACADA943}.Debug|x86.Build.0 = Debug|x86
		{7AAFA348-D48C-4120-9BEC-872EACADA943}.Release|x86.ActiveCfg = Release|x86
		{7AAFA348-D48C-4120-9BEC-872EACADA943}.Release|x86.Build.0 = Release|x86
		{F149908C-78D4-459F-84FD-1294813723B1}.Debug|x86.ActiveCfg = Debug|x86
		{F149908C-78D4-459F-84FD-1294813723B1}.Debug|x86.Build.0 = Debug|x86
		{F149908C-78D4-459F-84FD-1294813723B1}.Release|x86.ActiveCfg = Release|x86
		{F149908C-78D4-459F-84FD-1294813723B1}.Release|x86.Build.0 = Release|x86
		{B1E1BFCE-5EF4-4525-9FAC-468271087C1F}.Debug|x86.ActiveCfg = Debug|x86
		{B1E1BFCE-5EF4-4525-9FAC-468271087C1F}.Debug|x86.Build.0 = Debug|x86
		{B1E1BFCE-5EF4-4525-9FAC-468271087C1F}.Release|x86.ActiveCfg = Release|x86
		{B1E1BFCE-5EF4-4525-9FAC-468271087C1F}.Release|x86.Build.0 = Release|x86
		{78D335B3-3274-4F9C-8B86-36EFA6CF04A7}.Debug|x86.ActiveCfg = Debug|x86
		{78D335B3-3274-4F9C-8B86-36EFA6CF04A7}.Debug|x86.Build.0 = Debug|x86
		{78D335B3-3274-4F9C-8B86-36EFA6CF04A7}.Release|x86.ActiveCfg = Release|x86
		{78D335B3-3274-4F9C-8B86-36EFA6CF04A7}.Release|x86.Build.0 = Release|x86
	EndGlobalSection
	GlobalSection(SolutionProperties) = preSolution
		HideSolutionNode = FALSE
	EndGlobalSection
EndGlobal
